# This file is automatically @generated by Poetry 1.8.3 and should not be changed by hand.

[[package]]
name = "beautifulsoup4"
version = "4.12.3"
description = "Screen-scraping library"
optional = false
python-versions = ">=3.6.0"
files = [
    {file = "beautifulsoup4-4.12.3-py3-none-any.whl", hash = "sha256:b80878c9f40111313e55da8ba20bdba06d8fa3969fc68304167741bbf9e082ed"},
    {file = "beautifulsoup4-4.12.3.tar.gz", hash = "sha256:74e3d1928edc070d21748185c46e3fb33490f22f52a3addee9aee0f4f7781051"},
]

[package.dependencies]
soupsieve = ">1.2"

[package.extras]
cchardet = ["cchardet"]
chardet = ["chardet"]
charset-normalizer = ["charset-normalizer"]
html5lib = ["html5lib"]
lxml = ["lxml"]

[[package]]
name = "soupsieve"
version = "2.6"
description = "A modern CSS selector implementation for Beautiful Soup."
optional = false
python-versions = ">=3.8"
files = [
    {file = "soupsieve-2.6-py3-none-any.whl", hash = "sha256:e72c4ff06e4fb6e4b5a9f0f55fe6e81514581fca1515028625d0f299c602ccc9"},
    {file = "soupsieve-2.6.tar.gz", hash = "sha256:e2e68417777af359ec65daac1057404a3c8a5455bb8abc36f1a9866ab1a51abb"},
]

[[package]]
name = "tree-sitter"
version = "0.22.3"
description = "Python bindings to the Tree-sitter parsing library"
optional = false
python-versions = ">=3.9"
files = [
    {file = "tree-sitter-0.22.3.tar.gz", hash = "sha256:6516bcef5d36e0365670b97c91a169c8b1aa82ea4b60946b879020820718ce3d"},
    {file = "tree_sitter-0.22.3-cp310-cp310-macosx_10_9_x86_64.whl", hash = "sha256:d9a26dd80cf10763527483b02ba35a0b8d9168f324dbbce3f07860256c29bf15"},
    {file = "tree_sitter-0.22.3-cp310-cp310-macosx_11_0_arm64.whl", hash = "sha256:4bcbe0a7358628629d9ec8e5687477e12f7c6aae6943b0872afb7170db039b86"},
    {file = "tree_sitter-0.22.3-cp310-cp310-manylinux_2_17_aarch64.manylinux2014_aarch64.whl", hash = "sha256:dfa45e6bf2542862ce987482fe212ef3153bd331d5bba5873b9f485f8923f65a"},
    {file = "tree_sitter-0.22.3-cp310-cp310-manylinux_2_17_x86_64.manylinux2014_x86_64.whl", hash = "sha256:4545b142da82f9668007180e0081583054682d0154cd6349796ac77dc8520d63"},
    {file = "tree_sitter-0.22.3-cp310-cp310-musllinux_1_1_aarch64.whl", hash = "sha256:4978d22fe2868ab9a91125f49bd576ce5f954cc887c19471e0c33e104f37ba71"},
    {file = "tree_sitter-0.22.3-cp310-cp310-musllinux_1_1_x86_64.whl", hash = "sha256:0ec593a69f8c4f1c81494147814d11b7fc6c903e5299e084ae7b89caf95cef84"},
    {file = "tree_sitter-0.22.3-cp310-cp310-win_amd64.whl", hash = "sha256:0f66b88b8e9993630613d594e845f3cf2695fef87d0ca1475437cb17eeb72dc5"},
    {file = "tree_sitter-0.22.3-cp311-cp311-macosx_10_9_x86_64.whl", hash = "sha256:9e627eb129421f63378e936b5d0e13b8befa6e7c5267a8a7621a397a84e8f1f7"},
    {file = "tree_sitter-0.22.3-cp311-cp311-macosx_11_0_arm64.whl", hash = "sha256:3cfa2a9860bfb0404ae28a9cf056dab8f2eb7f1673d8cc9b3f7e21452daad0e0"},
    {file = "tree_sitter-0.22.3-cp311-cp311-manylinux_2_17_aarch64.manylinux2014_aarch64.whl", hash = "sha256:d9a66cc5f19635119a9d8325bcb00a58ed48427e3c3d307caf7c00d745ac83a5"},
    {file = "tree_sitter-0.22.3-cp311-cp311-manylinux_2_17_x86_64.manylinux2014_x86_64.whl", hash = "sha256:de16468ea22c910e67caa91c99be9d6eb73e97e5164480a890f678b22d32faca"},
    {file = "tree_sitter-0.22.3-cp311-cp311-musllinux_1_1_aarch64.whl", hash = "sha256:98c697427f82abab6b39cfe2ade6547d844dd419fa8cfc89031bcdf7c10579b6"},
    {file = "tree_sitter-0.22.3-cp311-cp311-musllinux_1_1_x86_64.whl", hash = "sha256:548aa34f15a29aef1fc8e85507f13e0678a54f1de16461f844d86179b19bb5f6"},
    {file = "tree_sitter-0.22.3-cp311-cp311-win_amd64.whl", hash = "sha256:2fc0e1097fb86623b340141e80a0f2b7668b09d953501d91adc715a577e32c61"},
    {file = "tree_sitter-0.22.3-cp312-cp312-macosx_10_9_x86_64.whl", hash = "sha256:7cb5c145fbd4bcc0cd4851dc4d0a6079a8e2f61257f8c0effc92434f6fb19b14"},
    {file = "tree_sitter-0.22.3-cp312-cp312-macosx_11_0_arm64.whl", hash = "sha256:d4a592080db6b9472a886f4593b4705d02630721fdbe4a700085fe775fcab20e"},
    {file = "tree_sitter-0.22.3-cp312-cp312-manylinux_2_17_aarch64.manylinux2014_aarch64.whl", hash = "sha256:f36bf523763f05edf924126583ea997f905162046c0f184d6fd040cc1ccbf2c5"},
    {file = "tree_sitter-0.22.3-cp312-cp312-manylinux_2_17_x86_64.manylinux2014_x86_64.whl", hash = "sha256:f8e1193f27c25aab299f4fc154664122c7bfe80633b726bb457356d371479a5b"},
    {file = "tree_sitter-0.22.3-cp312-cp312-musllinux_1_1_aarch64.whl", hash = "sha256:156df7e71a6c6b542ff29526cad6886a41115e42dc768c55101398d68325db54"},
    {file = "tree_sitter-0.22.3-cp312-cp312-musllinux_1_1_x86_64.whl", hash = "sha256:82e1d467ce23dd2ecc37d4fb83965e891fc37b943639c517cd5acf54a2df0ff7"},
    {file = "tree_sitter-0.22.3-cp312-cp312-win_amd64.whl", hash = "sha256:e541a0c08a04f229ba9479a8c441dd267fdaa3e5842ae70a744c178bcaf53fa3"},
    {file = "tree_sitter-0.22.3-cp39-cp39-macosx_10_9_x86_64.whl", hash = "sha256:a85a1d0fdff21cc524a959b3277c311941a9b5b91a862e462c1b55470893884a"},
    {file = "tree_sitter-0.22.3-cp39-cp39-macosx_11_0_arm64.whl", hash = "sha256:f96c6acd2799bafa28543a267937eec6a3d9ccbdeb6e1d05858114d4cd882da9"},
    {file = "tree_sitter-0.22.3-cp39-cp39-manylinux_2_17_aarch64.manylinux2014_aarch64.whl", hash = "sha256:ed2708aecd3a4c8d20a89350d3c89ac2f964985ee9117c39357cee3098a9498a"},
    {file = "tree_sitter-0.22.3-cp39-cp39-manylinux_2_17_x86_64.manylinux2014_x86_64.whl", hash = "sha256:6b2f99535aa4195b20fef18559defaabd9e12fe8ed8806c101d51820f240ca64"},
    {file = "tree_sitter-0.22.3-cp39-cp39-musllinux_1_1_aarch64.whl", hash = "sha256:459a0f3bf8d6dbb9e9f651d67cee3a60f0b799fefd4a33f49a7e9501ada98e35"},
    {file = "tree_sitter-0.22.3-cp39-cp39-musllinux_1_1_x86_64.whl", hash = "sha256:4a51bfe99dcd8bbfb0fe95113f0197e6e540db3077abce77a058235beec747a3"},
    {file = "tree_sitter-0.22.3-cp39-cp39-win_amd64.whl", hash = "sha256:8d54ef562492493bf091cb3fd605cb7e60bf1d56634a94ab48075741d823e3a5"},
]

[package.extras]
docs = ["sphinx (>=7.3,<8.0)", "sphinx-book-theme"]
tests = ["tree-sitter-html", "tree-sitter-javascript", "tree-sitter-json", "tree-sitter-python", "tree-sitter-rust"]

[[package]]
name = "tree-sitter-javascript"
version = "0.21.4"
description = "Javascript grammar for tree-sitter"
optional = false
python-versions = ">=3.8"
files = [
    {file = "tree-sitter-javascript-0.21.4.tar.gz", hash = "sha256:5ae97db218c22f16f1fd1108d77c4017b453addc36041136779c99800f23ff20"},
    {file = "tree_sitter_javascript-0.21.4-cp38-abi3-macosx_10_9_x86_64.whl", hash = "sha256:e0f1d26ec85cc66d56fb25fd41ce499dc5c4a60b478a91754684e2289433daae"},
    {file = "tree_sitter_javascript-0.21.4-cp38-abi3-macosx_11_0_arm64.whl", hash = "sha256:e9172dc9e59649d7598c6509103db1648e7187c2bcb39c34222fc052b9db0ac4"},
    {file = "tree_sitter_javascript-0.21.4-cp38-abi3-manylinux_2_17_aarch64.manylinux2014_aarch64.whl", hash = "sha256:d45bd39ce931b164f84cfb6a186df504e38c6f91f541e2e60d5a40eb9d574005"},
    {file = "tree_sitter_javascript-0.21.4-cp38-abi3-manylinux_2_5_x86_64.manylinux1_x86_64.manylinux_2_17_x86_64.manylinux2014_x86_64.whl", hash = "sha256:00ff426e9bb552abb49ce3234b083edb1a6aa73bfeea7d9bf0f6bb3d0256c4cd"},
    {file = "tree_sitter_javascript-0.21.4-cp38-abi3-musllinux_1_2_aarch64.whl", hash = "sha256:c2945bc49985ab396773e2738ae9b1e7d06950d6ad70c535c010fb9b2816a855"},
    {file = "tree_sitter_javascript-0.21.4-cp38-abi3-musllinux_1_2_x86_64.whl", hash = "sha256:5fc87d07f4c6a7067d4e0f004956a549c05e21eeced3287f3ea2bdd04a71a97a"},
    {file = "tree_sitter_javascript-0.21.4-cp38-abi3-win_amd64.whl", hash = "sha256:2843b0e81564d8176922ef2b40db128a4de026606d6b1d22a06efb8e8a5c01b8"},
]

[package.extras]
core = ["tree-sitter (>=0.21,<1.0)"]

[metadata]
lock-version = "2.0"
python-versions = "^3.11"
content-hash = "2e3be083335f789c01169c948621ce43f048e0132606cec94fac5afd4dac1a6a"
